// !$*UTF8*$!
{
	archiveVersion = 1;
	classes = {
	};
	objectVersion = 56;
	objects = {

/* Begin PBXBuildFile section */
		4F205CCD2A41CB1300B53CC1 /* ChangePasswordViewController.storyboard in Resources */ = {isa = PBXBuildFile; fileRef = 4F205CCC2A41CB1300B53CC1 /* ChangePasswordViewController.storyboard */; };
		4F2EB4E22A41874D006EA412 /* ChangePasswordViewController.swift in Sources */ = {isa = PBXBuildFile; fileRef = 4F2EB4E02A41874D006EA412 /* ChangePasswordViewController.swift */; };
		4F87A8BD2A41D72400EF056E /* DeleteAccountViewController.swift in Sources */ = {isa = PBXBuildFile; fileRef = 4F87A8BC2A41D72400EF056E /* DeleteAccountViewController.swift */; };
		4F87A8BF2A41D73C00EF056E /* DeleteAccountViewController.storyboard in Resources */ = {isa = PBXBuildFile; fileRef = 4F87A8BE2A41D73C00EF056E /* DeleteAccountViewController.storyboard */; };
		4FB004E02A417C99003088D3 /* AppDelegate.swift in Sources */ = {isa = PBXBuildFile; fileRef = 4FB004DF2A417C99003088D3 /* AppDelegate.swift */; };
		4FB004E22A417C99003088D3 /* SceneDelegate.swift in Sources */ = {isa = PBXBuildFile; fileRef = 4FB004E12A417C99003088D3 /* SceneDelegate.swift */; };
		4FB004E42A417C99003088D3 /* AccountSettingsViewController.swift in Sources */ = {isa = PBXBuildFile; fileRef = 4FB004E32A417C99003088D3 /* AccountSettingsViewController.swift */; };
		4FB004E72A417C99003088D3 /* Main.storyboard in Resources */ = {isa = PBXBuildFile; fileRef = 4FB004E52A417C99003088D3 /* Main.storyboard */; };
		4FB004E92A417C9A003088D3 /* Assets.xcassets in Resources */ = {isa = PBXBuildFile; fileRef = 4FB004E82A417C9A003088D3 /* Assets.xcassets */; };
		4FB004EC2A417C9A003088D3 /* LaunchScreen.storyboard in Resources */ = {isa = PBXBuildFile; fileRef = 4FB004EA2A417C9A003088D3 /* LaunchScreen.storyboard */; };
/* End PBXBuildFile section */

/* Begin PBXFileReference section */
		4F205CCC2A41CB1300B53CC1 /* ChangePasswordViewController.storyboard */ = {isa = PBXFileReference; lastKnownFileType = file.storyboard; path = ChangePasswordViewController.storyboard; sourceTree = "<group>"; };
		4F2EB4E02A41874D006EA412 /* ChangePasswordViewController.swift */ = {isa = PBXFileReference; lastKnownFileType = sourcecode.swift; path = ChangePasswordViewController.swift; sourceTree = "<group>"; };
		4F87A8BC2A41D72400EF056E /* DeleteAccountViewController.swift */ = {isa = PBXFileReference; lastKnownFileType = sourcecode.swift; path = DeleteAccountViewController.swift; sourceTree = "<group>"; };
		4F87A8BE2A41D73C00EF056E /* DeleteAccountViewController.storyboard */ = {isa = PBXFileReference; lastKnownFileType = file.storyboard; path = DeleteAccountViewController.storyboard; sourceTree = "<group>"; };
		4FB004DC2A417C99003088D3 /* AccountSettings.app */ = {isa = PBXFileReference; explicitFileType = wrapper.application; includeInIndex = 0; path = AccountSettings.app; sourceTree = BUILT_PRODUCTS_DIR; };
		4FB004DF2A417C99003088D3 /* AppDelegate.swift */ = {isa = PBXFileReference; lastKnownFileType = sourcecode.swift; path = AppDelegate.swift; sourceTree = "<group>"; };
		4FB004E12A417C99003088D3 /* SceneDelegate.swift */ = {isa = PBXFileReference; lastKnownFileType = sourcecode.swift; path = SceneDelegate.swift; sourceTree = "<group>"; };
		4FB004E32A417C99003088D3 /* AccountSettingsViewController.swift */ = {isa = PBXFileReference; lastKnownFileType = sourcecode.swift; path = AccountSettingsViewController.swift; sourceTree = "<group>"; };
		4FB004E62A417C99003088D3 /* Base */ = {isa = PBXFileReference; lastKnownFileType = file.storyboard; name = Base; path = Base.lproj/Main.storyboard; sourceTree = "<group>"; };
		4FB004E82A417C9A003088D3 /* Assets.xcassets */ = {isa = PBXFileReference; lastKnownFileType = folder.assetcatalog; path = Assets.xcassets; sourceTree = "<group>"; };
		4FB004EB2A417C9A003088D3 /* Base */ = {isa = PBXFileReference; lastKnownFileType = file.storyboard; name = Base; path = Base.lproj/LaunchScreen.storyboard; sourceTree = "<group>"; };
		4FB004ED2A417C9A003088D3 /* Info.plist */ = {isa = PBXFileReference; lastKnownFileType = text.plist.xml; path = Info.plist; sourceTree = "<group>"; };
/* End PBXFileReference section */

/* Begin PBXFrameworksBuildPhase section */
		4FB004D92A417C99003088D3 /* Frameworks */ = {
			isa = PBXFrameworksBuildPhase;
			buildActionMask = 2147483647;
			files = (
			);
			runOnlyForDeploymentPostprocessing = 0;
		};
/* End PBXFrameworksBuildPhase section */

/* Begin PBXGroup section */
		4FB004D32A417C99003088D3 = {
			isa = PBXGroup;
			children = (
				4FB004DE2A417C99003088D3 /* AccountSettings */,
				4FB004DD2A417C99003088D3 /* Products */,
			);
			sourceTree = "<group>";
		};
		4FB004DD2A417C99003088D3 /* Products */ = {
			isa = PBXGroup;
			children = (
				4FB004DC2A417C99003088D3 /* AccountSettings.app */,
			);
			name = Products;
			sourceTree = "<group>";
		};
		4FB004DE2A417C99003088D3 /* AccountSettings */ = {
			isa = PBXGroup;
			children = (
				4FB004DF2A417C99003088D3 /* AppDelegate.swift */,
				4FB004E12A417C99003088D3 /* SceneDelegate.swift */,
				4FB004E32A417C99003088D3 /* AccountSettingsViewController.swift */,
				4FB004E52A417C99003088D3 /* Main.storyboard */,
				4FB004E82A417C9A003088D3 /* Assets.xcassets */,
				4FB004EA2A417C9A003088D3 /* LaunchScreen.storyboard */,
				4FB004ED2A417C9A003088D3 /* Info.plist */,
				4F2EB4E02A41874D006EA412 /* ChangePasswordViewController.swift */,
				4F205CCC2A41CB1300B53CC1 /* ChangePasswordViewController.storyboard */,
				4F87A8BC2A41D72400EF056E /* DeleteAccountViewController.swift */,
				4F87A8BE2A41D73C00EF056E /* DeleteAccountViewController.storyboard */,
			);
			path = AccountSettings;
			sourceTree = "<group>";
		};
/* End PBXGroup section */

/* Begin PBXNativeTarget section */
		4FB004DB2A417C99003088D3 /* AccountSettings */ = {
			isa = PBXNativeTarget;
			buildConfigurationList = 4FB004F02A417C9A003088D3 /* Build configuration list for PBXNativeTarget "AccountSettings" */;
			buildPhases = (
				4FB004D82A417C99003088D3 /* Sources */,
				4FB004D92A417C99003088D3 /* Frameworks */,
				4FB004DA2A417C99003088D3 /* Resources */,
			);
			buildRules = (
			);
			dependencies = (
			);
			name = AccountSettings;
			productName = AccountSettings;
			productReference = 4FB004DC2A417C99003088D3 /* AccountSettings.app */;
			productType = "com.apple.product-type.application";
		};
/* End PBXNativeTarget section */

/* Begin PBXProject section */
		4FB004D42A417C99003088D3 /* Project object */ = {
			isa = PBXProject;
			attributes = {
				BuildIndependentTargetsInParallel = 1;
				LastSwiftUpdateCheck = 1420;
				LastUpgradeCheck = 1420;
				TargetAttributes = {
					4FB004DB2A417C99003088D3 = {
						CreatedOnToolsVersion = 14.2;
					};
				};
			};
			buildConfigurationList = 4FB004D72A417C99003088D3 /* Build configuration list for PBXProject "AccountSettings" */;
			compatibilityVersion = "Xcode 14.0";
			developmentRegion = en;
			hasScannedForEncodings = 0;
			knownRegions = (
				en,
				Base,
			);
			mainGroup = 4FB004D32A417C99003088D3;
			productRefGroup = 4FB004DD2A417C99003088D3 /* Products */;
			projectDirPath = "";
			projectRoot = "";
			targets = (
				4FB004DB2A417C99003088D3 /* AccountSettings */,
			);
		};
/* End PBXProject section */

/* Begin PBXResourcesBuildPhase section */
		4FB004DA2A417C99003088D3 /* Resources */ = {
			isa = PBXResourcesBuildPhase;
			buildActionMask = 2147483647;
			files = (
				4F87A8BF2A41D73C00EF056E /* DeleteAccountViewController.storyboard in Resources */,
				4FB004EC2A417C9A003088D3 /* LaunchScreen.storyboard in Resources */,
				4FB004E92A417C9A003088D3 /* Assets.xcassets in Resources */,
				4FB004E72A417C99003088D3 /* Main.storyboard in Resources */,
				4F205CCD2A41CB1300B53CC1 /* ChangePasswordViewController.storyboard in Resources */,
			);
			runOnlyForDeploymentPostprocessing = 0;
		};
/* End PBXResourcesBuildPhase section */

/* Begin PBXSourcesBuildPhase section */
		4FB004D82A417C99003088D3 /* Sources */ = {
			isa = PBXSourcesBuildPhase;
			buildActionMask = 2147483647;
			files = (
				4F87A8BD2A41D72400EF056E /* DeleteAccountViewController.swift in Sources */,
				4FB004E42A417C99003088D3 /* AccountSettingsViewController.swift in Sources */,
				4F2EB4E22A41874D006EA412 /* ChangePasswordViewController.swift in Sources */,
				4FB004E02A417C99003088D3 /* AppDelegate.swift in Sources */,
				4FB004E22A417C99003088D3 /* SceneDelegate.swift in Sources */,
			);
			runOnlyForDeploymentPostprocessing = 0;
		};
/* End PBXSourcesBuildPhase section */

/* Begin PBXVariantGroup section */
		4FB004E52A417C99003088D3 /* Main.storyboard */ = {
			isa = PBXVariantGroup;
			children = (
				4FB004E62A417C99003088D3 /* Base */,
			);
			name = Main.storyboard;
			sourceTree = "<group>";
		};
		4FB004EA2A417C9A003088D3 /* LaunchScreen.storyboard */ = {
			isa = PBXVariantGroup;
			children = (
				4FB004EB2A417C9A003088D3 /* Base */,
			);
			name = LaunchScreen.storyboard;
			sourceTree = "<group>";
		};
/* End PBXVariantGroup section */

/* Begin XCBuildConfiguration section */
		4FB004EE2A417C9A003088D3 /* Debug */ = {
			isa = XCBuildConfiguration;
			buildSettings = {
				ALWAYS_SEARCH_USER_PATHS = NO;
				CLANG_ANALYZER_NONNULL = YES;
				CLANG_ANALYZER_NUMBER_OBJECT_CONVERSION = YES_AGGRESSIVE;
				CLANG_CXX_LANGUAGE_STANDARD = "gnu++20";
				CLANG_ENABLE_MODULES = YES;
				CLANG_ENABLE_OBJC_ARC = YES;
				CLANG_ENABLE_OBJC_WEAK = YES;
				CLANG_WARN_BLOCK_CAPTURE_AUTORELEASING = YES;
				CLANG_WARN_BOOL_CONVERSION = YES;
				CLANG_WARN_COMMA = YES;
				CLANG_WARN_CONSTANT_CONVERSION = YES;
				CLANG_WARN_DEPRECATED_OBJC_IMPLEMENTATIONS = YES;
				CLANG_WARN_DIRECT_OBJC_ISA_USAGE = YES_ERROR;
				CLANG_WARN_DOCUMENTATION_COMMENTS = YES;
				CLANG_WARN_EMPTY_BODY = YES;
				CLANG_WARN_ENUM_CONVERSION = YES;
				CLANG_WARN_INFINITE_RECURSION = YES;
				CLANG_WARN_INT_CONVERSION = YES;
				CLANG_WARN_NON_LITERAL_NULL_CONVERSION = YES;
				CLANG_WARN_OBJC_IMPLICIT_RETAIN_SELF = YES;
				CLANG_WARN_OBJC_LITERAL_CONVERSION = YES;
				CLANG_WARN_OBJC_ROOT_CLASS = YES_ERROR;
				CLANG_WARN_QUOTED_INCLUDE_IN_FRAMEWORK_HEADER = YES;
				CLANG_WARN_RANGE_LOOP_ANALYSIS = YES;
				CLANG_WARN_STRICT_PROTOTYPES = YES;
				CLANG_WARN_SUSPICIOUS_MOVE = YES;
				CLANG_WARN_UNGUARDED_AVAILABILITY = YES_AGGRESSIVE;
				CLANG_WARN_UNREACHABLE_CODE = YES;
				CLANG_WARN__DUPLICATE_METHOD_MATCH = YES;
				COPY_PHASE_STRIP = NO;
				DEBUG_INFORMATION_FORMAT = dwarf;
				ENABLE_STRICT_OBJC_MSGSEND = YES;
				ENABLE_TESTABILITY = YES;
				GCC_C_LANGUAGE_STANDARD = gnu11;
				GCC_DYNAMIC_NO_PIC = NO;
				GCC_NO_COMMON_BLOCKS = YES;
				GCC_OPTIMIZATION_LEVEL = 0;
				GCC_PREPROCESSOR_DEFINITIONS = (
					"DEBUG=1",
					"$(inherited)",
				);
				GCC_WARN_64_TO_32_BIT_CONVERSION = YES;
				GCC_WARN_ABOUT_RETURN_TYPE = YES_ERROR;
				GCC_WARN_UNDECLARED_SELECTOR = YES;
				GCC_WARN_UNINITIALIZED_AUTOS = YES_AGGRESSIVE;
				GCC_WARN_UNUSED_FUNCTION = YES;
				GCC_WARN_UNUSED_VARIABLE = YES;
				IPHONEOS_DEPLOYMENT_TARGET = 16.2;
				MTL_ENABLE_DEBUG_INFO = INCLUDE_SOURCE;
				MTL_FAST_MATH = YES;
				ONLY_ACTIVE_ARCH = YES;
				SDKROOT = iphoneos;
				SWIFT_ACTIVE_COMPILATION_CONDITIONS = DEBUG;
				SWIFT_OPTIMIZATION_LEVEL = "-Onone";
			};
			name = Debug;
		};
		4FB004EF2A417C9A003088D3 /* Release */ = {
			isa = XCBuildConfiguration;
			buildSettings = {
				ALWAYS_SEARCH_USER_PATHS = NO;
				CLANG_ANALYZER_NONNULL = YES;
				CLANG_ANALYZER_NUMBER_OBJECT_CONVERSION = YES_AGGRESSIVE;
				CLANG_CXX_LANGUAGE_STANDARD = "gnu++20";
				CLANG_ENABLE_MODULES = YES;
				CLANG_ENABLE_OBJC_ARC = YES;
				CLANG_ENABLE_OBJC_WEAK = YES;
				CLANG_WARN_BLOCK_CAPTURE_AUTORELEASING = YES;
				CLANG_WARN_BOOL_CONVERSION = YES;
				CLANG_WARN_COMMA = YES;
				CLANG_WARN_CONSTANT_CONVERSION = YES;
				CLANG_WARN_DEPRECATED_OBJC_IMPLEMENTATIONS = YES;
				CLANG_WARN_DIRECT_OBJC_ISA_USAGE = YES_ERROR;
				CLANG_WARN_DOCUMENTATION_COMMENTS = YES;
				CLANG_WARN_EMPTY_BODY = YES;
				CLANG_WARN_ENUM_CONVERSION = YES;
				CLANG_WARN_INFINITE_RECURSION = YES;
				CLANG_WARN_INT_CONVERSION = YES;
				CLANG_WARN_NON_LITERAL_NULL_CONVERSION = YES;
				CLANG_WARN_OBJC_IMPLICIT_RETAIN_SELF = YES;
				CLANG_WARN_OBJC_LITERAL_CONVERSION = YES;
				CLANG_WARN_OBJC_ROOT_CLASS = YES_ERROR;
				CLANG_WARN_QUOTED_INCLUDE_IN_FRAMEWORK_HEADER = YES;
				CLANG_WARN_RANGE_LOOP_ANALYSIS = YES;
				CLANG_WARN_STRICT_PROTOTYPES = YES;
				CLANG_WARN_SUSPICIOUS_MOVE = YES;
				CLANG_WARN_UNGUARDED_AVAILABILITY = YES_AGGRESSIVE;
				CLANG_WARN_UNREACHABLE_CODE = YES;
				CLANG_WARN__DUPLICATE_METHOD_MATCH = YES;
				COPY_PHASE_STRIP = NO;
				DEBUG_INFORMATION_FORMAT = "dwarf-with-dsym";
				ENABLE_NS_ASSERTIONS = NO;
				ENABLE_STRICT_OBJC_MSGSEND = YES;
				GCC_C_LANGUAGE_STANDARD = gnu11;
				GCC_NO_COMMON_BLOCKS = YES;
				GCC_WARN_64_TO_32_BIT_CONVERSION = YES;
				GCC_WARN_ABOUT_RETURN_TYPE = YES_ERROR;
				GCC_WARN_UNDECLARED_SELECTOR = YES;
				GCC_WARN_UNINITIALIZED_AUTOS = YES_AGGRESSIVE;
				GCC_WARN_UNUSED_FUNCTION = YES;
				GCC_WARN_UNUSED_VARIABLE = YES;
				IPHONEOS_DEPLOYMENT_TARGET = 16.2;
				MTL_ENABLE_DEBUG_INFO = NO;
				MTL_FAST_MATH = YES;
				SDKROOT = iphoneos;
				SWIFT_COMPILATION_MODE = wholemodule;
				SWIFT_OPTIMIZATION_LEVEL = "-O";
				VALIDATE_PRODUCT = YES;
			};
			name = Release;
		};
		4FB004F12A417C9A003088D3 /* Debug */ = {
			isa = XCBuildConfiguration;
			buildSettings = {
				ASSETCATALOG_COMPILER_APPICON_NAME = AppIcon;
				ASSETCATALOG_COMPILER_GLOBAL_ACCENT_COLOR_NAME = AccentColor;
				CODE_SIGN_STYLE = Automatic;
				CURRENT_PROJECT_VERSION = 1;
				GENERATE_INFOPLIST_FILE = YES;
				INFOPLIST_FILE = AccountSettings/Info.plist;
				INFOPLIST_KEY_UIApplicationSupportsIndirectInputEvents = YES;
				INFOPLIST_KEY_UILaunchStoryboardName = LaunchScreen;
				INFOPLIST_KEY_UIMainStoryboardFile = Main;
				INFOPLIST_KEY_UISupportedInterfaceOrientations_iPad = "UIInterfaceOrientationPortrait UIInterfaceOrientationPortraitUpsideDown UIInterfaceOrientationLandscapeLeft UIInterfaceOrientationLandscapeRight";
				INFOPLIST_KEY_UISupportedInterfaceOrientations_iPhone = "UIInterfaceOrientationPortrait UIInterfaceOrientationLandscapeLeft UIInterfaceOrientationLandscapeRight";
				LD_RUNPATH_SEARCH_PATHS = (
					"$(inherited)",
					"@executable_path/Frameworks",
				);
				MARKETING_VERSION = 1.0;
				PRODUCT_BUNDLE_IDENTIFIER = hx.AccountSettings;
				PRODUCT_NAME = "$(TARGET_NAME)";
				SWIFT_EMIT_LOC_STRINGS = YES;
				SWIFT_VERSION = 5.0;
				TARGETED_DEVICE_FAMILY = "1,2";
			};
			name = Debug;
		};
		4FB004F22A417C9A003088D3 /* Release */ = {
			isa = XCBuildConfiguration;
			buildSettings = {
				ASSETCATALOG_COMPILER_APPICON_NAME = AppIcon;
				ASSETCATALOG_COMPILER_GLOBAL_ACCENT_COLOR_NAME = AccentColor;
				CODE_SIGN_STYLE = Automatic;
				CURRENT_PROJECT_VERSION = 1;
				GENERATE_INFOPLIST_FILE = YES;
				INFOPLIST_FILE = AccountSettings/Info.plist;
				INFOPLIST_KEY_UIApplicationSupportsIndirectInputEvents = YES;
				INFOPLIST_KEY_UILaunchStoryboardName = LaunchScreen;
				INFOPLIST_KEY_UIMainStoryboardFile = Main;
				INFOPLIST_KEY_UISupportedInterfaceOrientations_iPad = "UIInterfaceOrientationPortrait UIInterfaceOrientationPortraitUpsideDown UIInterfaceOrientationLandscapeLeft UIInterfaceOrientationLandscapeRight";
				INFOPLIST_KEY_UISupportedInterfaceOrientations_iPhone = "UIInterfaceOrientationPortrait UIInterfaceOrientationLandscapeLeft UIInterfaceOrientationLandscapeRight";
				LD_RUNPATH_SEARCH_PATHS = (
					"$(inherited)",
					"@executable_path/Frameworks",
				);
				MARKETING_VERSION = 1.0;
				PRODUCT_BUNDLE_IDENTIFIER = hx.AccountSettings;
				PRODUCT_NAME = "$(TARGET_NAME)";
				SWIFT_EMIT_LOC_STRINGS = YES;
				SWIFT_VERSION = 5.0;
				TARGETED_DEVICE_FAMILY = "1,2";
			};
			name = Release;
		};
/* End XCBuildConfiguration section */

/* Begin XCConfigurationList section */
		4FB004D72A417C99003088D3 /* Build configuration list for PBXProject "AccountSettings" */ = {
			isa = XCConfigurationList;
			buildConfigurations = (
				4FB004EE2A417C9A003088D3 /* Debug */,
				4FB004EF2A417C9A003088D3 /* Release */,
			);
			defaultConfigurationIsVisible = 0;
			defaultConfigurationName = Release;
		};
		4FB004F02A417C9A003088D3 /* Build configuration list for PBXNativeTarget "AccountSettings" */ = {
			isa = XCConfigurationList;
			buildConfigurations = (
				4FB004F12A417C9A003088D3 /* Debug */,
				4FB004F22A417C9A003088D3 /* Release */,
			);
			defaultConfigurationIsVisible = 0;
			defaultConfigurationName = Release;
		};
/* End XCConfigurationList section */
	};
	rootObject = 4FB004D42A417C99003088D3 /* Project object */;
}
